
Microsoft Visual Studio Solution File, Format Version 12.00
# Visual Studio Version 16
VisualStudioVersion = 16.0.30907.101
MinimumVisualStudioVersion = 10.0.40219.1
Project("{FAE04EC0-301F-11D3-BF4B-00C04F79EFBC}") = "FTPCheck", "FTPCheck\FTPCheck.csproj", "{8B6228E9-A2AC-473F-AD8B-EAC8892E5EBC}"
EndProject
Global
	GlobalSection(SolutionConfigurationPlatforms) = preSolution
		Debug|Any CPU = Debug|Any CPU
		Release|Any CPU = Release|Any CPU
	EndGlobalSection
	GlobalSection(ProjectConfigurationPlatforms) = postSolution
		{8B6228E9-A2AC-473F-AD8B-EAC8892E5EBC}.Debug|Any CPU.ActiveCfg = Debug|Any CPU
		{8B6228E9-A2AC-473F-AD8B-EAC8892E5EBC}.Debug|Any CPU.Build.0 = Debug|Any CPU
		{8B6228E9-A2AC-473F-AD8B-EAC8892E5EBC}.Release|Any CPU.ActiveCfg = Release|Any CPU
		{8B6228E9-A2AC-473F-AD8B-EAC8892E5EBC}.Release|Any CPU.Build.0 = Release|Any CPU
	EndGlobalSection
	GlobalSection(SolutionProperties) = preSolution
		HideSolutionNode = FALSE
	EndGlobalSection
	GlobalSection(ExtensibilityGlobals) = postSolution
		SolutionGuid = {D521813F-B46C-490B-90EC-954D38B445F9}
	EndGlobalSection
EndGlobal
